
Microsoft Visual Studio Solution File, Format Version 11.00
# Visual Studio 2010
Project("{FAE04EC0-301F-11D3-BF4B-00C04F79EFBC}") = "mvc3spike", "src\Web\mvc3spike.csproj", "{4FEA355B-816D-4713-A3A1-567B6FB5EFCB}"
EndProject
Project("{FAE04EC0-301F-11D3-BF4B-00C04F79EFBC}") = "Tasks", "src\Tasks\Tasks.csproj", "{10D81995-593D-4DC1-805C-33D0128D0B14}"
EndProject
Global
	GlobalSection(SolutionConfigurationPlatforms) = preSolution
		Debug|Any CPU = Debug|Any CPU
		Release|Any CPU = Release|Any CPU
	EndGlobalSection
	GlobalSection(ProjectConfigurationPlatforms) = postSolution
		{4FEA355B-816D-4713-A3A1-567B6FB5EFCB}.Debug|Any CPU.ActiveCfg = Debug|Any CPU
		{4FEA355B-816D-4713-A3A1-567B6FB5EFCB}.Debug|Any CPU.Build.0 = Debug|Any CPU
		{4FEA355B-816D-4713-A3A1-567B6FB5EFCB}.Release|Any CPU.ActiveCfg = Release|Any CPU
		{4FEA355B-816D-4713-A3A1-567B6FB5EFCB}.Release|Any CPU.Build.0 = Release|Any CPU
		{10D81995-593D-4DC1-805C-33D0128D0B14}.Debug|Any CPU.ActiveCfg = Debug|Any CPU
		{10D81995-593D-4DC1-805C-33D0128D0B14}.Debug|Any CPU.Build.0 = Debug|Any CPU
		{10D81995-593D-4DC1-805C-33D0128D0B14}.Release|Any CPU.ActiveCfg = Release|Any CPU
		{10D81995-593D-4DC1-805C-33D0128D0B14}.Release|Any CPU.Build.0 = Release|Any CPU
	EndGlobalSection
	GlobalSection(SolutionProperties) = preSolution
		HideSolutionNode = FALSE
	EndGlobalSection
EndGlobal
