
Microsoft Visual Studio Solution File, Format Version 11.00
# Visual Studio 2010
Project("{FAE04EC0-301F-11D3-BF4B-00C04F79EFBC}") = "WebApp", "WebUI\WebApp.csproj", "{1FD0B606-0A00-4285-82F3-915F8D391639}"
	ProjectSection(ProjectDependencies) = postProject
		{9EA66ADC-B15A-4D69-8077-7AAB6E0C96BA} = {9EA66ADC-B15A-4D69-8077-7AAB6E0C96BA}
	EndProjectSection
EndProject
Project("{FAE04EC0-301F-11D3-BF4B-00C04F79EFBC}") = "Messages", "Messages\Messages.csproj", "{0A6F4CC3-5E28-4542-A607-C1C3B8FA1940}"
EndProject
Project("{2150E333-8FDC-42A3-9474-1A3956D46DE8}") = "oss", "oss", "{D81C1CD2-12F4-4A36-8FE7-FC1291A7D2C9}"
EndProject
Project("{FAE04EC0-301F-11D3-BF4B-00C04F79EFBC}") = "Command", "Command\Command.csproj", "{9EA66ADC-B15A-4D69-8077-7AAB6E0C96BA}"
EndProject
Project("{FAE04EC0-301F-11D3-BF4B-00C04F79EFBC}") = "Domain", "Domain\Domain.csproj", "{59D5135D-6753-4728-9E80-793FF827F46C}"
EndProject
Project("{FAE04EC0-301F-11D3-BF4B-00C04F79EFBC}") = "Query", "Query\Query.csproj", "{0FA3F65E-18D8-4555-8BE6-6E87AFC6D30E}"
EndProject
Project("{FAE04EC0-301F-11D3-BF4B-00C04F79EFBC}") = "Infrastructure", "Infrastructure\Infrastructure.csproj", "{D40D89BA-1561-4FB0-8DC7-589DA6667BEA}"
EndProject
Project("{FAE04EC0-301F-11D3-BF4B-00C04F79EFBC}") = "Data", "Data\Data.csproj", "{1599990B-6D6C-48CD-9F4C-6EB5B5D98660}"
EndProject
Project("{00000000-0000-0000-0000-000000000000}") = "CommandServices", "CommandServices\CommandServices.csproj", "{F7709F2E-8E6D-417A-9F57-FB2F135DFA06}"
EndProject
Global
	GlobalSection(SolutionConfigurationPlatforms) = preSolution
		Debug|Any CPU = Debug|Any CPU
		Debug|Mixed Platforms = Debug|Mixed Platforms
		Debug|x86 = Debug|x86
		Release|Any CPU = Release|Any CPU
		Release|Mixed Platforms = Release|Mixed Platforms
		Release|x86 = Release|x86
	EndGlobalSection
	GlobalSection(ProjectConfigurationPlatforms) = postSolution
		{1FD0B606-0A00-4285-82F3-915F8D391639}.Debug|Any CPU.ActiveCfg = Debug|x86
		{1FD0B606-0A00-4285-82F3-915F8D391639}.Debug|Any CPU.Build.0 = Debug|x86
		{1FD0B606-0A00-4285-82F3-915F8D391639}.Debug|Mixed Platforms.ActiveCfg = Debug|Any CPU
		{1FD0B606-0A00-4285-82F3-915F8D391639}.Debug|Mixed Platforms.Build.0 = Debug|Any CPU
		{1FD0B606-0A00-4285-82F3-915F8D391639}.Debug|x86.ActiveCfg = Debug|x86
		{1FD0B606-0A00-4285-82F3-915F8D391639}.Debug|x86.Build.0 = Debug|x86
		{1FD0B606-0A00-4285-82F3-915F8D391639}.Release|Any CPU.ActiveCfg = Release|Any CPU
		{1FD0B606-0A00-4285-82F3-915F8D391639}.Release|Any CPU.Build.0 = Release|Any CPU
		{1FD0B606-0A00-4285-82F3-915F8D391639}.Release|Mixed Platforms.ActiveCfg = Release|Any CPU
		{1FD0B606-0A00-4285-82F3-915F8D391639}.Release|Mixed Platforms.Build.0 = Release|Any CPU
		{1FD0B606-0A00-4285-82F3-915F8D391639}.Release|x86.ActiveCfg = Release|Any CPU
		{0A6F4CC3-5E28-4542-A607-C1C3B8FA1940}.Debug|Any CPU.ActiveCfg = Debug|x86
		{0A6F4CC3-5E28-4542-A607-C1C3B8FA1940}.Debug|Any CPU.Build.0 = Debug|x86
		{0A6F4CC3-5E28-4542-A607-C1C3B8FA1940}.Debug|Mixed Platforms.ActiveCfg = Debug|Any CPU
		{0A6F4CC3-5E28-4542-A607-C1C3B8FA1940}.Debug|Mixed Platforms.Build.0 = Debug|Any CPU
		{0A6F4CC3-5E28-4542-A607-C1C3B8FA1940}.Debug|x86.ActiveCfg = Debug|x86
		{0A6F4CC3-5E28-4542-A607-C1C3B8FA1940}.Debug|x86.Build.0 = Debug|x86
		{0A6F4CC3-5E28-4542-A607-C1C3B8FA1940}.Release|Any CPU.ActiveCfg = Release|Any CPU
		{0A6F4CC3-5E28-4542-A607-C1C3B8FA1940}.Release|Any CPU.Build.0 = Release|Any CPU
		{0A6F4CC3-5E28-4542-A607-C1C3B8FA1940}.Release|Mixed Platforms.ActiveCfg = Release|Any CPU
		{0A6F4CC3-5E28-4542-A607-C1C3B8FA1940}.Release|Mixed Platforms.Build.0 = Release|Any CPU
		{0A6F4CC3-5E28-4542-A607-C1C3B8FA1940}.Release|x86.ActiveCfg = Release|Any CPU
		{9EA66ADC-B15A-4D69-8077-7AAB6E0C96BA}.Debug|Any CPU.ActiveCfg = Debug|x86
		{9EA66ADC-B15A-4D69-8077-7AAB6E0C96BA}.Debug|Any CPU.Build.0 = Debug|x86
		{9EA66ADC-B15A-4D69-8077-7AAB6E0C96BA}.Debug|Mixed Platforms.ActiveCfg = Debug|x86
		{9EA66ADC-B15A-4D69-8077-7AAB6E0C96BA}.Debug|Mixed Platforms.Build.0 = Debug|x86
		{9EA66ADC-B15A-4D69-8077-7AAB6E0C96BA}.Debug|x86.ActiveCfg = Debug|x86
		{9EA66ADC-B15A-4D69-8077-7AAB6E0C96BA}.Debug|x86.Build.0 = Debug|x86
		{9EA66ADC-B15A-4D69-8077-7AAB6E0C96BA}.Release|Any CPU.ActiveCfg = Release|Any CPU
		{9EA66ADC-B15A-4D69-8077-7AAB6E0C96BA}.Release|Any CPU.Build.0 = Release|Any CPU
		{9EA66ADC-B15A-4D69-8077-7AAB6E0C96BA}.Release|Mixed Platforms.ActiveCfg = Release|x86
		{9EA66ADC-B15A-4D69-8077-7AAB6E0C96BA}.Release|Mixed Platforms.Build.0 = Release|x86
		{9EA66ADC-B15A-4D69-8077-7AAB6E0C96BA}.Release|x86.ActiveCfg = Release|x86
		{9EA66ADC-B15A-4D69-8077-7AAB6E0C96BA}.Release|x86.Build.0 = Release|x86
		{59D5135D-6753-4728-9E80-793FF827F46C}.Debug|Any CPU.ActiveCfg = Debug|x86
		{59D5135D-6753-4728-9E80-793FF827F46C}.Debug|Any CPU.Build.0 = Debug|x86
		{59D5135D-6753-4728-9E80-793FF827F46C}.Debug|Mixed Platforms.ActiveCfg = Debug|x86
		{59D5135D-6753-4728-9E80-793FF827F46C}.Debug|Mixed Platforms.Build.0 = Debug|x86
		{59D5135D-6753-4728-9E80-793FF827F46C}.Debug|x86.ActiveCfg = Debug|x86
		{59D5135D-6753-4728-9E80-793FF827F46C}.Debug|x86.Build.0 = Debug|x86
		{59D5135D-6753-4728-9E80-793FF827F46C}.Release|Any CPU.ActiveCfg = Release|Any CPU
		{59D5135D-6753-4728-9E80-793FF827F46C}.Release|Any CPU.Build.0 = Release|Any CPU
		{59D5135D-6753-4728-9E80-793FF827F46C}.Release|Mixed Platforms.ActiveCfg = Release|x86
		{59D5135D-6753-4728-9E80-793FF827F46C}.Release|Mixed Platforms.Build.0 = Release|x86
		{59D5135D-6753-4728-9E80-793FF827F46C}.Release|x86.ActiveCfg = Release|x86
		{59D5135D-6753-4728-9E80-793FF827F46C}.Release|x86.Build.0 = Release|x86
		{0FA3F65E-18D8-4555-8BE6-6E87AFC6D30E}.Debug|Any CPU.ActiveCfg = Debug|x86
		{0FA3F65E-18D8-4555-8BE6-6E87AFC6D30E}.Debug|Any CPU.Build.0 = Debug|x86
		{0FA3F65E-18D8-4555-8BE6-6E87AFC6D30E}.Debug|Mixed Platforms.ActiveCfg = Debug|Any CPU
		{0FA3F65E-18D8-4555-8BE6-6E87AFC6D30E}.Debug|Mixed Platforms.Build.0 = Debug|Any CPU
		{0FA3F65E-18D8-4555-8BE6-6E87AFC6D30E}.Debug|x86.ActiveCfg = Debug|x86
		{0FA3F65E-18D8-4555-8BE6-6E87AFC6D30E}.Debug|x86.Build.0 = Debug|x86
		{0FA3F65E-18D8-4555-8BE6-6E87AFC6D30E}.Release|Any CPU.ActiveCfg = Release|Any CPU
		{0FA3F65E-18D8-4555-8BE6-6E87AFC6D30E}.Release|Any CPU.Build.0 = Release|Any CPU
		{0FA3F65E-18D8-4555-8BE6-6E87AFC6D30E}.Release|Mixed Platforms.ActiveCfg = Release|Any CPU
		{0FA3F65E-18D8-4555-8BE6-6E87AFC6D30E}.Release|Mixed Platforms.Build.0 = Release|Any CPU
		{0FA3F65E-18D8-4555-8BE6-6E87AFC6D30E}.Release|x86.ActiveCfg = Release|Any CPU
		{D40D89BA-1561-4FB0-8DC7-589DA6667BEA}.Debug|Any CPU.ActiveCfg = Debug|x86
		{D40D89BA-1561-4FB0-8DC7-589DA6667BEA}.Debug|Any CPU.Build.0 = Debug|x86
		{D40D89BA-1561-4FB0-8DC7-589DA6667BEA}.Debug|Mixed Platforms.ActiveCfg = Debug|Any CPU
		{D40D89BA-1561-4FB0-8DC7-589DA6667BEA}.Debug|Mixed Platforms.Build.0 = Debug|Any CPU
		{D40D89BA-1561-4FB0-8DC7-589DA6667BEA}.Debug|x86.ActiveCfg = Debug|x86
		{D40D89BA-1561-4FB0-8DC7-589DA6667BEA}.Debug|x86.Build.0 = Debug|x86
		{D40D89BA-1561-4FB0-8DC7-589DA6667BEA}.Release|Any CPU.ActiveCfg = Release|Any CPU
		{D40D89BA-1561-4FB0-8DC7-589DA6667BEA}.Release|Any CPU.Build.0 = Release|Any CPU
		{D40D89BA-1561-4FB0-8DC7-589DA6667BEA}.Release|Mixed Platforms.ActiveCfg = Release|Any CPU
		{D40D89BA-1561-4FB0-8DC7-589DA6667BEA}.Release|Mixed Platforms.Build.0 = Release|Any CPU
		{D40D89BA-1561-4FB0-8DC7-589DA6667BEA}.Release|x86.ActiveCfg = Release|Any CPU
		{1599990B-6D6C-48CD-9F4C-6EB5B5D98660}.Debug|Any CPU.ActiveCfg = Debug|Any CPU
		{1599990B-6D6C-48CD-9F4C-6EB5B5D98660}.Debug|Any CPU.Build.0 = Debug|Any CPU
		{1599990B-6D6C-48CD-9F4C-6EB5B5D98660}.Debug|Mixed Platforms.ActiveCfg = Debug|Any CPU
		{1599990B-6D6C-48CD-9F4C-6EB5B5D98660}.Debug|Mixed Platforms.Build.0 = Debug|Any CPU
		{1599990B-6D6C-48CD-9F4C-6EB5B5D98660}.Debug|x86.ActiveCfg = Debug|Any CPU
		{1599990B-6D6C-48CD-9F4C-6EB5B5D98660}.Release|Any CPU.ActiveCfg = Release|Any CPU
		{1599990B-6D6C-48CD-9F4C-6EB5B5D98660}.Release|Any CPU.Build.0 = Release|Any CPU
		{1599990B-6D6C-48CD-9F4C-6EB5B5D98660}.Release|Mixed Platforms.ActiveCfg = Release|Any CPU
		{1599990B-6D6C-48CD-9F4C-6EB5B5D98660}.Release|Mixed Platforms.Build.0 = Release|Any CPU
		{1599990B-6D6C-48CD-9F4C-6EB5B5D98660}.Release|x86.ActiveCfg = Release|Any CPU
		{F7709F2E-8E6D-417A-9F57-FB2F135DFA06}.Debug|Any CPU.ActiveCfg = Debug|Any CPU
		{F7709F2E-8E6D-417A-9F57-FB2F135DFA06}.Debug|Any CPU.Build.0 = Debug|Any CPU
		{F7709F2E-8E6D-417A-9F57-FB2F135DFA06}.Debug|Mixed Platforms.ActiveCfg = Debug|Any CPU
		{F7709F2E-8E6D-417A-9F57-FB2F135DFA06}.Debug|Mixed Platforms.Build.0 = Debug|Any CPU
		{F7709F2E-8E6D-417A-9F57-FB2F135DFA06}.Debug|x86.ActiveCfg = Debug|Any CPU
		{F7709F2E-8E6D-417A-9F57-FB2F135DFA06}.Release|Any CPU.ActiveCfg = Release|Any CPU
		{F7709F2E-8E6D-417A-9F57-FB2F135DFA06}.Release|Any CPU.Build.0 = Release|Any CPU
		{F7709F2E-8E6D-417A-9F57-FB2F135DFA06}.Release|Mixed Platforms.ActiveCfg = Release|Any CPU
		{F7709F2E-8E6D-417A-9F57-FB2F135DFA06}.Release|Mixed Platforms.Build.0 = Release|Any CPU
		{F7709F2E-8E6D-417A-9F57-FB2F135DFA06}.Release|x86.ActiveCfg = Release|Any CPU
	EndGlobalSection
	GlobalSection(SolutionProperties) = preSolution
		HideSolutionNode = FALSE
	EndGlobalSection
EndGlobal
